
Microsoft Visual Studio Solution File, Format Version 12.00
# Visual Studio Version 17
VisualStudioVersion = 17.1.32319.34
MinimumVisualStudioVersion = 10.0.40219.1
Project("{FAE04EC0-301F-11D3-BF4B-00C04F79EFBC}") = "Interval Tree", "Interval Tree\Interval Tree.csproj", "{DC123627-D75C-4589-8C0C-37FA3FCFC16E}"
EndProject
Global
	GlobalSection(SolutionConfigurationPlatforms) = preSolution
		Debug|Any CPU = Debug|Any CPU
		Release|Any CPU = Release|Any CPU
	EndGlobalSection
	GlobalSection(ProjectConfigurationPlatforms) = postSolution
		{DC123627-D75C-4589-8C0C-37FA3FCFC16E}.Debug|Any CPU.ActiveCfg = Debug|Any CPU
		{DC123627-D75C-4589-8C0C-37FA3FCFC16E}.Debug|Any CPU.Build.0 = Debug|Any CPU
		{DC123627-D75C-4589-8C0C-37FA3FCFC16E}.Release|Any CPU.ActiveCfg = Release|Any CPU
		{DC123627-D75C-4589-8C0C-37FA3FCFC16E}.Release|Any CPU.Build.0 = Release|Any CPU
	EndGlobalSection
	GlobalSection(SolutionProperties) = preSolution
		HideSolutionNode = FALSE
	EndGlobalSection
	GlobalSection(ExtensibilityGlobals) = postSolution
		SolutionGuid = {95DD4706-E3C1-4CFA-B3B6-71A93A1C208E}
	EndGlobalSection
EndGlobal
