
Microsoft Visual Studio Solution File, Format Version 12.00
# Visual Studio Version 17
VisualStudioVersion = 17.3.32929.385
MinimumVisualStudioVersion = 10.0.40219.1
Project("{FAE04EC0-301F-11D3-BF4B-00C04F79EFBC}") = "Program", "ConsoleApp1\Program.csproj", "{35D006F3-F73E-4565-99DE-0BD6B7E1518E}"
EndProject
Project("{FAE04EC0-301F-11D3-BF4B-00C04F79EFBC}") = "IntervalTree", "..\ClassLibrary1\ClassLibrary1\IntervalTree.csproj", "{1F3D341C-89E8-4E76-8307-A5248E618240}"
EndProject
Global
	GlobalSection(SolutionConfigurationPlatforms) = preSolution
		Debug|Any CPU = Debug|Any CPU
		Release|Any CPU = Release|Any CPU
	EndGlobalSection
	GlobalSection(ProjectConfigurationPlatforms) = postSolution
		{35D006F3-F73E-4565-99DE-0BD6B7E1518E}.Debug|Any CPU.ActiveCfg = Debug|Any CPU
		{35D006F3-F73E-4565-99DE-0BD6B7E1518E}.Debug|Any CPU.Build.0 = Debug|Any CPU
		{35D006F3-F73E-4565-99DE-0BD6B7E1518E}.Release|Any CPU.ActiveCfg = Release|Any CPU
		{35D006F3-F73E-4565-99DE-0BD6B7E1518E}.Release|Any CPU.Build.0 = Release|Any CPU
		{1F3D341C-89E8-4E76-8307-A5248E618240}.Debug|Any CPU.ActiveCfg = Debug|Any CPU
		{1F3D341C-89E8-4E76-8307-A5248E618240}.Debug|Any CPU.Build.0 = Debug|Any CPU
		{1F3D341C-89E8-4E76-8307-A5248E618240}.Release|Any CPU.ActiveCfg = Release|Any CPU
		{1F3D341C-89E8-4E76-8307-A5248E618240}.Release|Any CPU.Build.0 = Release|Any CPU
	EndGlobalSection
	GlobalSection(SolutionProperties) = preSolution
		HideSolutionNode = FALSE
	EndGlobalSection
	GlobalSection(ExtensibilityGlobals) = postSolution
		SolutionGuid = {DA9E1B77-7430-4DB5-A113-F8E924317916}
	EndGlobalSection
EndGlobal
